
Microsoft Visual Studio Solution File, Format Version 12.00
# Visual Studio 14
VisualStudioVersion = 14.0.23107.0
MinimumVisualStudioVersion = 10.0.40219.1
Project("{FAE04EC0-301F-11D3-BF4B-00C04F79EFBC}") = "TDS.Website", "TDS.Website\TDS.Website.csproj", "{C890213D-7327-48C7-B5C1-3C4CB6BDA8B5}"
EndProject
Project("{FAE04EC0-301F-11D3-BF4B-00C04F79EFBC}") = "TDS.DAL.Database", "TDS.DAL.Database\TDS.DAL.Database.csproj", "{9884C920-84E8-451E-BA64-C3677B0E351C}"
EndProject
Project("{FAE04EC0-301F-11D3-BF4B-00C04F79EFBC}") = "TDS.BLL", "TDS.BLL\TDS.BLL.csproj", "{A0718C7A-0CA0-4382-AE84-AFEA63772E56}"
EndProject
Global
	GlobalSection(SolutionConfigurationPlatforms) = preSolution
		Debug|Any CPU = Debug|Any CPU
		Release|Any CPU = Release|Any CPU
	EndGlobalSection
	GlobalSection(ProjectConfigurationPlatforms) = postSolution
		{C890213D-7327-48C7-B5C1-3C4CB6BDA8B5}.Debug|Any CPU.ActiveCfg = Debug|Any CPU
		{C890213D-7327-48C7-B5C1-3C4CB6BDA8B5}.Debug|Any CPU.Build.0 = Debug|Any CPU
		{C890213D-7327-48C7-B5C1-3C4CB6BDA8B5}.Release|Any CPU.ActiveCfg = Release|Any CPU
		{C890213D-7327-48C7-B5C1-3C4CB6BDA8B5}.Release|Any CPU.Build.0 = Release|Any CPU
		{9884C920-84E8-451E-BA64-C3677B0E351C}.Debug|Any CPU.ActiveCfg = Debug|Any CPU
		{9884C920-84E8-451E-BA64-C3677B0E351C}.Debug|Any CPU.Build.0 = Debug|Any CPU
		{9884C920-84E8-451E-BA64-C3677B0E351C}.Release|Any CPU.ActiveCfg = Release|Any CPU
		{9884C920-84E8-451E-BA64-C3677B0E351C}.Release|Any CPU.Build.0 = Release|Any CPU
		{A0718C7A-0CA0-4382-AE84-AFEA63772E56}.Debug|Any CPU.ActiveCfg = Debug|Any CPU
		{A0718C7A-0CA0-4382-AE84-AFEA63772E56}.Debug|Any CPU.Build.0 = Debug|Any CPU
		{A0718C7A-0CA0-4382-AE84-AFEA63772E56}.Release|Any CPU.ActiveCfg = Release|Any CPU
		{A0718C7A-0CA0-4382-AE84-AFEA63772E56}.Release|Any CPU.Build.0 = Release|Any CPU
	EndGlobalSection
	GlobalSection(SolutionProperties) = preSolution
		HideSolutionNode = FALSE
	EndGlobalSection
EndGlobal
